// !$*UTF8*$!
{
	archiveVersion = 1;
	classes = {
	};
	objectVersion = 50;
	objects = {

/* Begin PBXBuildFile section */
		5852CE5022AD51A7000E3BBF /* RecipesSelectionVC.swift in Sources */ = {isa = PBXBuildFile; fileRef = 5852CE4F22AD51A7000E3BBF /* RecipesSelectionVC.swift */; };
		5852CE5222AD59D7000E3BBF /* RecipeCell.swift in Sources */ = {isa = PBXBuildFile; fileRef = 5852CE5122AD59D7000E3BBF /* RecipeCell.swift */; };
		5852CE5422AD6988000E3BBF /* RecipeDetailVC.swift in Sources */ = {isa = PBXBuildFile; fileRef = 5852CE5322AD6988000E3BBF /* RecipeDetailVC.swift */; };
		58DE56E222ACEDC600CB6260 /* AppDelegate.swift in Sources */ = {isa = PBXBuildFile; fileRef = 58DE56E122ACEDC600CB6260 /* AppDelegate.swift */; };
		58DE56E422ACEDC600CB6260 /* HomeVC.swift in Sources */ = {isa = PBXBuildFile; fileRef = 58DE56E322ACEDC600CB6260 /* HomeVC.swift */; };
		58DE56E722ACEDC600CB6260 /* Main.storyboard in Resources */ = {isa = PBXBuildFile; fileRef = 58DE56E522ACEDC600CB6260 /* Main.storyboard */; };
		58DE56E922ACEDC900CB6260 /* Assets.xcassets in Resources */ = {isa = PBXBuildFile; fileRef = 58DE56E822ACEDC900CB6260 /* Assets.xcassets */; };
		58DE56EC22ACEDC900CB6260 /* LaunchScreen.storyboard in Resources */ = {isa = PBXBuildFile; fileRef = 58DE56EA22ACEDC900CB6260 /* LaunchScreen.storyboard */; };
		58DE56F722ACEEA500CB6260 /* FoodCategory.swift in Sources */ = {isa = PBXBuildFile; fileRef = 58DE56F622ACEEA500CB6260 /* FoodCategory.swift */; };
		58DE56F922ACEEFC00CB6260 /* Recipe.swift in Sources */ = {isa = PBXBuildFile; fileRef = 58DE56F822ACEEFC00CB6260 /* Recipe.swift */; };
		58DE56FB22ACEF5E00CB6260 /* DataSet.swift in Sources */ = {isa = PBXBuildFile; fileRef = 58DE56FA22ACEF5E00CB6260 /* DataSet.swift */; };
		58DE573D22AD249000CB6260 /* CategoryCell.swift in Sources */ = {isa = PBXBuildFile; fileRef = 58DE573C22AD249000CB6260 /* CategoryCell.swift */; };
/* End PBXBuildFile section */

/* Begin PBXFileReference section */
		5852CE4F22AD51A7000E3BBF /* RecipesSelectionVC.swift */ = {isa = PBXFileReference; lastKnownFileType = sourcecode.swift; path = RecipesSelectionVC.swift; sourceTree = "<group>"; };
		5852CE5122AD59D7000E3BBF /* RecipeCell.swift */ = {isa = PBXFileReference; lastKnownFileType = sourcecode.swift; path = RecipeCell.swift; sourceTree = "<group>"; };
		5852CE5322AD6988000E3BBF /* RecipeDetailVC.swift */ = {isa = PBXFileReference; lastKnownFileType = sourcecode.swift; path = RecipeDetailVC.swift; sourceTree = "<group>"; };
		58DE56DE22ACEDC600CB6260 /* Recipes.app */ = {isa = PBXFileReference; explicitFileType = wrapper.application; includeInIndex = 0; path = Recipes.app; sourceTree = BUILT_PRODUCTS_DIR; };
		58DE56E122ACEDC600CB6260 /* AppDelegate.swift */ = {isa = PBXFileReference; lastKnownFileType = sourcecode.swift; path = AppDelegate.swift; sourceTree = "<group>"; };
		58DE56E322ACEDC600CB6260 /* HomeVC.swift */ = {isa = PBXFileReference; lastKnownFileType = sourcecode.swift; path = HomeVC.swift; sourceTree = "<group>"; };
		58DE56E622ACEDC600CB6260 /* Base */ = {isa = PBXFileReference; lastKnownFileType = file.storyboard; name = Base; path = Base.lproj/Main.storyboard; sourceTree = "<group>"; };
		58DE56E822ACEDC900CB6260 /* Assets.xcassets */ = {isa = PBXFileReference; lastKnownFileType = folder.assetcatalog; path = Assets.xcassets; sourceTree = "<group>"; };
		58DE56EB22ACEDC900CB6260 /* Base */ = {isa = PBXFileReference; lastKnownFileType = file.storyboard; name = Base; path = Base.lproj/LaunchScreen.storyboard; sourceTree = "<group>"; };
		58DE56ED22ACEDC900CB6260 /* Info.plist */ = {isa = PBXFileReference; lastKnownFileType = text.plist.xml; path = Info.plist; sourceTree = "<group>"; };
		58DE56F622ACEEA500CB6260 /* FoodCategory.swift */ = {isa = PBXFileReference; lastKnownFileType = sourcecode.swift; path = FoodCategory.swift; sourceTree = "<group>"; };
		58DE56F822ACEEFC00CB6260 /* Recipe.swift */ = {isa = PBXFileReference; lastKnownFileType = sourcecode.swift; path = Recipe.swift; sourceTree = "<group>"; };
		58DE56FA22ACEF5E00CB6260 /* DataSet.swift */ = {isa = PBXFileReference; lastKnownFileType = sourcecode.swift; path = DataSet.swift; sourceTree = "<group>"; };
		58DE573C22AD249000CB6260 /* CategoryCell.swift */ = {isa = PBXFileReference; lastKnownFileType = sourcecode.swift; path = CategoryCell.swift; sourceTree = "<group>"; };
/* End PBXFileReference section */

/* Begin PBXFrameworksBuildPhase section */
		58DE56DB22ACEDC600CB6260 /* Frameworks */ = {
			isa = PBXFrameworksBuildPhase;
			buildActionMask = 2147483647;
			files = (
			);
			runOnlyForDeploymentPostprocessing = 0;
		};
/* End PBXFrameworksBuildPhase section */

/* Begin PBXGroup section */
		58DE56D522ACEDC600CB6260 = {
			isa = PBXGroup;
			children = (
				58DE56E022ACEDC600CB6260 /* Recipes */,
				58DE56DF22ACEDC600CB6260 /* Products */,
			);
			sourceTree = "<group>";
		};
		58DE56DF22ACEDC600CB6260 /* Products */ = {
			isa = PBXGroup;
			children = (
				58DE56DE22ACEDC600CB6260 /* Recipes.app */,
			);
			name = Products;
			sourceTree = "<group>";
		};
		58DE56E022ACEDC600CB6260 /* Recipes */ = {
			isa = PBXGroup;
			children = (
				58DE56F322ACEE2900CB6260 /* Model */,
				58DE56F422ACEE3100CB6260 /* View */,
				58DE56F522ACEE3900CB6260 /* Controller */,
				58DE56E122ACEDC600CB6260 /* AppDelegate.swift */,
				58DE56E522ACEDC600CB6260 /* Main.storyboard */,
				58DE56E822ACEDC900CB6260 /* Assets.xcassets */,
				58DE56EA22ACEDC900CB6260 /* LaunchScreen.storyboard */,
				58DE56ED22ACEDC900CB6260 /* Info.plist */,
			);
			path = Recipes;
			sourceTree = "<group>";
		};
		58DE56F322ACEE2900CB6260 /* Model */ = {
			isa = PBXGroup;
			children = (
				58DE56F622ACEEA500CB6260 /* FoodCategory.swift */,
				58DE56F822ACEEFC00CB6260 /* Recipe.swift */,
				58DE56FA22ACEF5E00CB6260 /* DataSet.swift */,
			);
			path = Model;
			sourceTree = "<group>";
		};
		58DE56F422ACEE3100CB6260 /* View */ = {
			isa = PBXGroup;
			children = (
				58DE573C22AD249000CB6260 /* CategoryCell.swift */,
				5852CE5122AD59D7000E3BBF /* RecipeCell.swift */,
			);
			path = View;
			sourceTree = "<group>";
		};
		58DE56F522ACEE3900CB6260 /* Controller */ = {
			isa = PBXGroup;
			children = (
				58DE56E322ACEDC600CB6260 /* HomeVC.swift */,
				5852CE4F22AD51A7000E3BBF /* RecipesSelectionVC.swift */,
				5852CE5322AD6988000E3BBF /* RecipeDetailVC.swift */,
			);
			path = Controller;
			sourceTree = "<group>";
		};
/* End PBXGroup section */

/* Begin PBXNativeTarget section */
		58DE56DD22ACEDC600CB6260 /* Recipes */ = {
			isa = PBXNativeTarget;
			buildConfigurationList = 58DE56F022ACEDC900CB6260 /* Build configuration list for PBXNativeTarget "Recipes" */;
			buildPhases = (
				58DE56DA22ACEDC600CB6260 /* Sources */,
				58DE56DB22ACEDC600CB6260 /* Frameworks */,
				58DE56DC22ACEDC600CB6260 /* Resources */,
			);
			buildRules = (
			);
			dependencies = (
			);
			name = Recipes;
			productName = Recipes;
			productReference = 58DE56DE22ACEDC600CB6260 /* Recipes.app */;
			productType = "com.apple.product-type.application";
		};
/* End PBXNativeTarget section */

/* Begin PBXProject section */
		58DE56D622ACEDC600CB6260 /* Project object */ = {
			isa = PBXProject;
			attributes = {
				LastSwiftUpdateCheck = 1020;
				LastUpgradeCheck = 1020;
				ORGANIZATIONNAME = "Angelina Friz";
				TargetAttributes = {
					58DE56DD22ACEDC600CB6260 = {
						CreatedOnToolsVersion = 10.2.1;
					};
				};
			};
			buildConfigurationList = 58DE56D922ACEDC600CB6260 /* Build configuration list for PBXProject "Recipes" */;
			compatibilityVersion = "Xcode 9.3";
			developmentRegion = en;
			hasScannedForEncodings = 0;
			knownRegions = (
				en,
				Base,
			);
			mainGroup = 58DE56D522ACEDC600CB6260;
			productRefGroup = 58DE56DF22ACEDC600CB6260 /* Products */;
			projectDirPath = "";
			projectRoot = "";
			targets = (
				58DE56DD22ACEDC600CB6260 /* Recipes */,
			);
		};
/* End PBXProject section */

/* Begin PBXResourcesBuildPhase section */
		58DE56DC22ACEDC600CB6260 /* Resources */ = {
			isa = PBXResourcesBuildPhase;
			buildActionMask = 2147483647;
			files = (
				58DE56EC22ACEDC900CB6260 /* LaunchScreen.storyboard in Resources */,
				58DE56E922ACEDC900CB6260 /* Assets.xcassets in Resources */,
				58DE56E722ACEDC600CB6260 /* Main.storyboard in Resources */,
			);
			runOnlyForDeploymentPostprocessing = 0;
		};
/* End PBXResourcesBuildPhase section */

/* Begin PBXSourcesBuildPhase section */
		58DE56DA22ACEDC600CB6260 /* Sources */ = {
			isa = PBXSourcesBuildPhase;
			buildActionMask = 2147483647;
			files = (
				5852CE5422AD6988000E3BBF /* RecipeDetailVC.swift in Sources */,
				58DE56E422ACEDC600CB6260 /* HomeVC.swift in Sources */,
				58DE56FB22ACEF5E00CB6260 /* DataSet.swift in Sources */,
				58DE56F722ACEEA500CB6260 /* FoodCategory.swift in Sources */,
				5852CE5222AD59D7000E3BBF /* RecipeCell.swift in Sources */,
				58DE56E222ACEDC600CB6260 /* AppDelegate.swift in Sources */,
				5852CE5022AD51A7000E3BBF /* RecipesSelectionVC.swift in Sources */,
				58DE56F922ACEEFC00CB6260 /* Recipe.swift in Sources */,
				58DE573D22AD249000CB6260 /* CategoryCell.swift in Sources */,
			);
			runOnlyForDeploymentPostprocessing = 0;
		};
/* End PBXSourcesBuildPhase section */

/* Begin PBXVariantGroup section */
		58DE56E522ACEDC600CB6260 /* Main.storyboard */ = {
			isa = PBXVariantGroup;
			children = (
				58DE56E622ACEDC600CB6260 /* Base */,
			);
			name = Main.storyboard;
			sourceTree = "<group>";
		};
		58DE56EA22ACEDC900CB6260 /* LaunchScreen.storyboard */ = {
			isa = PBXVariantGroup;
			children = (
				58DE56EB22ACEDC900CB6260 /* Base */,
			);
			name = LaunchScreen.storyboard;
			sourceTree = "<group>";
		};
/* End PBXVariantGroup section */

/* Begin XCBuildConfiguration section */
		58DE56EE22ACEDC900CB6260 /* Debug */ = {
			isa = XCBuildConfiguration;
			buildSettings = {
				ALWAYS_SEARCH_USER_PATHS = NO;
				CLANG_ANALYZER_NONNULL = YES;
				CLANG_ANALYZER_NUMBER_OBJECT_CONVERSION = YES_AGGRESSIVE;
				CLANG_CXX_LANGUAGE_STANDARD = "gnu++14";
				CLANG_CXX_LIBRARY = "libc++";
				CLANG_ENABLE_MODULES = YES;
				CLANG_ENABLE_OBJC_ARC = YES;
				CLANG_ENABLE_OBJC_WEAK = YES;
				CLANG_WARN_BLOCK_CAPTURE_AUTORELEASING = YES;
				CLANG_WARN_BOOL_CONVERSION = YES;
				CLANG_WARN_COMMA = YES;
				CLANG_WARN_CONSTANT_CONVERSION = YES;
				CLANG_WARN_DEPRECATED_OBJC_IMPLEMENTATIONS = YES;
				CLANG_WARN_DIRECT_OBJC_ISA_USAGE = YES_ERROR;
				CLANG_WARN_DOCUMENTATION_COMMENTS = YES;
				CLANG_WARN_EMPTY_BODY = YES;
				CLANG_WARN_ENUM_CONVERSION = YES;
				CLANG_WARN_INFINITE_RECURSION = YES;
				CLANG_WARN_INT_CONVERSION = YES;
				CLANG_WARN_NON_LITERAL_NULL_CONVERSION = YES;
				CLANG_WARN_OBJC_IMPLICIT_RETAIN_SELF = YES;
				CLANG_WARN_OBJC_LITERAL_CONVERSION = YES;
				CLANG_WARN_OBJC_ROOT_CLASS = YES_ERROR;
				CLANG_WARN_RANGE_LOOP_ANALYSIS = YES;
				CLANG_WARN_STRICT_PROTOTYPES = YES;
				CLANG_WARN_SUSPICIOUS_MOVE = YES;
				CLANG_WARN_UNGUARDED_AVAILABILITY = YES_AGGRESSIVE;
				CLANG_WARN_UNREACHABLE_CODE = YES;
				CLANG_WARN__DUPLICATE_METHOD_MATCH = YES;
				CODE_SIGN_IDENTITY = "iPhone Developer";
				COPY_PHASE_STRIP = NO;
				DEBUG_INFORMATION_FORMAT = dwarf;
				ENABLE_STRICT_OBJC_MSGSEND = YES;
				ENABLE_TESTABILITY = YES;
				GCC_C_LANGUAGE_STANDARD = gnu11;
				GCC_DYNAMIC_NO_PIC = NO;
				GCC_NO_COMMON_BLOCKS = YES;
				GCC_OPTIMIZATION_LEVEL = 0;
				GCC_PREPROCESSOR_DEFINITIONS = (
					"DEBUG=1",
					"$(inherited)",
				);
				GCC_WARN_64_TO_32_BIT_CONVERSION = YES;
				GCC_WARN_ABOUT_RETURN_TYPE = YES_ERROR;
				GCC_WARN_UNDECLARED_SELECTOR = YES;
				GCC_WARN_UNINITIALIZED_AUTOS = YES_AGGRESSIVE;
				GCC_WARN_UNUSED_FUNCTION = YES;
				GCC_WARN_UNUSED_VARIABLE = YES;
				IPHONEOS_DEPLOYMENT_TARGET = 12.2;
				MTL_ENABLE_DEBUG_INFO = INCLUDE_SOURCE;
				MTL_FAST_MATH = YES;
				ONLY_ACTIVE_ARCH = YES;
				SDKROOT = iphoneos;
				SWIFT_ACTIVE_COMPILATION_CONDITIONS = DEBUG;
				SWIFT_OPTIMIZATION_LEVEL = "-Onone";
			};
			name = Debug;
		};
		58DE56EF22ACEDC900CB6260 /* Release */ = {
			isa = XCBuildConfiguration;
			buildSettings = {
				ALWAYS_SEARCH_USER_PATHS = NO;
				CLANG_ANALYZER_NONNULL = YES;
				CLANG_ANALYZER_NUMBER_OBJECT_CONVERSION = YES_AGGRESSIVE;
				CLANG_CXX_LANGUAGE_STANDARD = "gnu++14";
				CLANG_CXX_LIBRARY = "libc++";
				CLANG_ENABLE_MODULES = YES;
				CLANG_ENABLE_OBJC_ARC = YES;
				CLANG_ENABLE_OBJC_WEAK = YES;
				CLANG_WARN_BLOCK_CAPTURE_AUTORELEASING = YES;
				CLANG_WARN_BOOL_CONVERSION = YES;
				CLANG_WARN_COMMA = YES;
				CLANG_WARN_CONSTANT_CONVERSION = YES;
				CLANG_WARN_DEPRECATED_OBJC_IMPLEMENTATIONS = YES;
				CLANG_WARN_DIRECT_OBJC_ISA_USAGE = YES_ERROR;
				CLANG_WARN_DOCUMENTATION_COMMENTS = YES;
				CLANG_WARN_EMPTY_BODY = YES;
				CLANG_WARN_ENUM_CONVERSION = YES;
				CLANG_WARN_INFINITE_RECURSION = YES;
				CLANG_WARN_INT_CONVERSION = YES;
				CLANG_WARN_NON_LITERAL_NULL_CONVERSION = YES;
				CLANG_WARN_OBJC_IMPLICIT_RETAIN_SELF = YES;
				CLANG_WARN_OBJC_LITERAL_CONVERSION = YES;
				CLANG_WARN_OBJC_ROOT_CLASS = YES_ERROR;
				CLANG_WARN_RANGE_LOOP_ANALYSIS = YES;
				CLANG_WARN_STRICT_PROTOTYPES = YES;
				CLANG_WARN_SUSPICIOUS_MOVE = YES;
				CLANG_WARN_UNGUARDED_AVAILABILITY = YES_AGGRESSIVE;
				CLANG_WARN_UNREACHABLE_CODE = YES;
				CLANG_WARN__DUPLICATE_METHOD_MATCH = YES;
				CODE_SIGN_IDENTITY = "iPhone Developer";
				COPY_PHASE_STRIP = NO;
				DEBUG_INFORMATION_FORMAT = "dwarf-with-dsym";
				ENABLE_NS_ASSERTIONS = NO;
				ENABLE_STRICT_OBJC_MSGSEND = YES;
				GCC_C_LANGUAGE_STANDARD = gnu11;
				GCC_NO_COMMON_BLOCKS = YES;
				GCC_WARN_64_TO_32_BIT_CONVERSION = YES;
				GCC_WARN_ABOUT_RETURN_TYPE = YES_ERROR;
				GCC_WARN_UNDECLARED_SELECTOR = YES;
				GCC_WARN_UNINITIALIZED_AUTOS = YES_AGGRESSIVE;
				GCC_WARN_UNUSED_FUNCTION = YES;
				GCC_WARN_UNUSED_VARIABLE = YES;
				IPHONEOS_DEPLOYMENT_TARGET = 12.2;
				MTL_ENABLE_DEBUG_INFO = NO;
				MTL_FAST_MATH = YES;
				SDKROOT = iphoneos;
				SWIFT_COMPILATION_MODE = wholemodule;
				SWIFT_OPTIMIZATION_LEVEL = "-O";
				VALIDATE_PRODUCT = YES;
			};
			name = Release;
		};
		58DE56F122ACEDC900CB6260 /* Debug */ = {
			isa = XCBuildConfiguration;
			buildSettings = {
				ASSETCATALOG_COMPILER_APPICON_NAME = AppIcon;
				CODE_SIGN_STYLE = Automatic;
				DEVELOPMENT_TEAM = QKHU8FT2PB;
				INFOPLIST_FILE = Recipes/Info.plist;
				LD_RUNPATH_SEARCH_PATHS = (
					"$(inherited)",
					"@executable_path/Frameworks",
				);
				PRODUCT_BUNDLE_IDENTIFIER = com.angelinafriz.Recipes;
				PRODUCT_NAME = "$(TARGET_NAME)";
				SWIFT_VERSION = 5.0;
				TARGETED_DEVICE_FAMILY = "1,2";
			};
			name = Debug;
		};
		58DE56F222ACEDC900CB6260 /* Release */ = {
			isa = XCBuildConfiguration;
			buildSettings = {
				ASSETCATALOG_COMPILER_APPICON_NAME = AppIcon;
				CODE_SIGN_STYLE = Automatic;
				DEVELOPMENT_TEAM = QKHU8FT2PB;
				INFOPLIST_FILE = Recipes/Info.plist;
				LD_RUNPATH_SEARCH_PATHS = (
					"$(inherited)",
					"@executable_path/Frameworks",
				);
				PRODUCT_BUNDLE_IDENTIFIER = com.angelinafriz.Recipes;
				PRODUCT_NAME = "$(TARGET_NAME)";
				SWIFT_VERSION = 5.0;
				TARGETED_DEVICE_FAMILY = "1,2";
			};
			name = Release;
		};
/* End XCBuildConfiguration section */

/* Begin XCConfigurationList section */
		58DE56D922ACEDC600CB6260 /* Build configuration list for PBXProject "Recipes" */ = {
			isa = XCConfigurationList;
			buildConfigurations = (
				58DE56EE22ACEDC900CB6260 /* Debug */,
				58DE56EF22ACEDC900CB6260 /* Release */,
			);
			defaultConfigurationIsVisible = 0;
			defaultConfigurationName = Release;
		};
		58DE56F022ACEDC900CB6260 /* Build configuration list for PBXNativeTarget "Recipes" */ = {
			isa = XCConfigurationList;
			buildConfigurations = (
				58DE56F122ACEDC900CB6260 /* Debug */,
				58DE56F222ACEDC900CB6260 /* Release */,
			);
			defaultConfigurationIsVisible = 0;
			defaultConfigurationName = Release;
		};
/* End XCConfigurationList section */
	};
	rootObject = 58DE56D622ACEDC600CB6260 /* Project object */;
}
